
Microsoft Visual Studio Solution File, Format Version 12.00
# Visual Studio Version 17
VisualStudioVersion = 17.3.32804.467
MinimumVisualStudioVersion = 10.0.40219.1
Project("{FAE04EC0-301F-11D3-BF4B-00C04F79EFBC}") = "StudentAdminPortalAngular", "StudentAdminPortalAngular\StudentAdminPortalAngular.csproj", "{15224C34-CB7C-45EC-A578-2CC042FE6D27}"
EndProject
Global
	GlobalSection(SolutionConfigurationPlatforms) = preSolution
		Debug|Any CPU = Debug|Any CPU
		Release|Any CPU = Release|Any CPU
	EndGlobalSection
	GlobalSection(ProjectConfigurationPlatforms) = postSolution
		{15224C34-CB7C-45EC-A578-2CC042FE6D27}.Debug|Any CPU.ActiveCfg = Debug|Any CPU
		{15224C34-CB7C-45EC-A578-2CC042FE6D27}.Debug|Any CPU.Build.0 = Debug|Any CPU
		{15224C34-CB7C-45EC-A578-2CC042FE6D27}.Release|Any CPU.ActiveCfg = Release|Any CPU
		{15224C34-CB7C-45EC-A578-2CC042FE6D27}.Release|Any CPU.Build.0 = Release|Any CPU
	EndGlobalSection
	GlobalSection(SolutionProperties) = preSolution
		HideSolutionNode = FALSE
	EndGlobalSection
	GlobalSection(ExtensibilityGlobals) = postSolution
		SolutionGuid = {A1A41F48-570B-493C-8B50-48BC18479B05}
	EndGlobalSection
EndGlobal
